Microsoft Visual Studio Solution File, Format Version 12.00
# Visual Studio 2013
VisualStudioVersion = 12.0.30324.0
MinimumVisualStudioVersion = 10.0.40219.1
Project("{FAE04EC0-301F-11D3-BF4B-00C04F79EFBC}") = "YandexTranslator-CSharp-Example", "YandexTranslator-CSharp\YandexTranslator-CSharp-Example.csproj", "{8697DE55-9787-407D-BAB8-4D8C0A7200EE}"
EndProject
Project("{FAE04EC0-301F-11D3-BF4B-00C04F79EFBC}") = "YandexTranslate", "YandexTranslate\YandexTranslate.csproj", "{6B78B689-A246-49F3-8BC9-8402599DF081}"
EndProject
Global
	GlobalSection(SolutionConfigurationPlatforms) = preSolution
		Debug|Any CPU = Debug|Any CPU
		Release|Any CPU = Release|Any CPU
	EndGlobalSection
	GlobalSection(ProjectConfigurationPlatforms) = postSolution
		{8697DE55-9787-407D-BAB8-4D8C0A7200EE}.Debug|Any CPU.ActiveCfg = Debug|Any CPU
		{8697DE55-9787-407D-BAB8-4D8C0A7200EE}.Debug|Any CPU.Build.0 = Debug|Any CPU
		{8697DE55-9787-407D-BAB8-4D8C0A7200EE}.Release|Any CPU.ActiveCfg = Release|Any CPU
		{8697DE55-9787-407D-BAB8-4D8C0A7200EE}.Release|Any CPU.Build.0 = Release|Any CPU
		{6B78B689-A246-49F3-8BC9-8402599DF081}.Debug|Any CPU.ActiveCfg = Debug|Any CPU
		{6B78B689-A246-49F3-8BC9-8402599DF081}.Debug|Any CPU.Build.0 = Debug|Any CPU
		{6B78B689-A246-49F3-8BC9-8402599DF081}.Release|Any CPU.ActiveCfg = Release|Any CPU
		{6B78B689-A246-49F3-8BC9-8402599DF081}.Release|Any CPU.Build.0 = Release|Any CPU
	EndGlobalSection
	GlobalSection(SolutionProperties) = preSolution
		HideSolutionNode = FALSE
	EndGlobalSection
EndGlobal
